# This file is automatically @generated by Poetry 1.4.2 and should not be changed by hand.

[[package]]
name = "graphviz"
version = "0.20.1"
description = "Simple Python interface for Graphviz"
category = "main"
optional = false
python-versions = ">=3.7"
files = [
    {file = "graphviz-0.20.1-py3-none-any.whl", hash = "sha256:587c58a223b51611c0cf461132da386edd896a029524ca61a1462b880bf97977"},
    {file = "graphviz-0.20.1.zip", hash = "sha256:8c58f14adaa3b947daf26c19bc1e98c4e0702cdc31cf99153e6f06904d492bf8"},
]

[package.extras]
dev = ["flake8", "pep8-naming", "tox (>=3)", "twine", "wheel"]
docs = ["sphinx (>=5)", "sphinx-autodoc-typehints", "sphinx-rtd-theme"]
test = ["coverage", "mock (>=4)", "pytest (>=7)", "pytest-cov", "pytest-mock (>=3)"]

[[package]]
name = "pycparser"
version = "2.21"
description = "C parser in Python"
category = "main"
optional = false
python-versions = ">=2.7, !=3.0.*, !=3.1.*, !=3.2.*, !=3.3.*"
files = [
    {file = "pycparser-2.21-py2.py3-none-any.whl", hash = "sha256:8ee45429555515e1f6b185e78100aea234072576aa43ab53aefcae078162fca9"},
    {file = "pycparser-2.21.tar.gz", hash = "sha256:e644fdec12f7872f86c58ff790da456218b10f863970249516d60a5eaca77206"},
]

[metadata]
lock-version = "2.0"
python-versions = "^3.10"
content-hash = "02614220498bbcd01ab2ffd5ce2f14e069ba503f583ec5547a7db864bde7e66c"
